// !$*UTF8*$!
{
	archiveVersion = 1;
	classes = {
	};
	objectVersion = 51;
	objects = {

/* Begin PBXBuildFile section */
		8907A7AC2413F67B002D21A3 /* APIRepositoryImplementation.swift in Sources */ = {isa = PBXBuildFile; fileRef = 8907A7AB2413F67B002D21A3 /* APIRepositoryImplementation.swift */; };
		8907A7B02413FE7B002D21A3 /* APIDataSource.swift in Sources */ = {isa = PBXBuildFile; fileRef = 8907A7AF2413FE7B002D21A3 /* APIDataSource.swift */; };
		8907A7B224140186002D21A3 /* APIDataSourceTest.swift in Sources */ = {isa = PBXBuildFile; fileRef = 8907A7B124140186002D21A3 /* APIDataSourceTest.swift */; };
		893A2B232411692C00027759 /* AppDelegate.swift in Sources */ = {isa = PBXBuildFile; fileRef = 893A2B222411692C00027759 /* AppDelegate.swift */; };
		893A2B252411692C00027759 /* SceneDelegate.swift in Sources */ = {isa = PBXBuildFile; fileRef = 893A2B242411692C00027759 /* SceneDelegate.swift */; };
		893A2B272411692C00027759 /* ViewController.swift in Sources */ = {isa = PBXBuildFile; fileRef = 893A2B262411692C00027759 /* ViewController.swift */; };
		893A2B2A2411692C00027759 /* Main.storyboard in Resources */ = {isa = PBXBuildFile; fileRef = 893A2B282411692C00027759 /* Main.storyboard */; };
		893A2B2C2411692F00027759 /* Assets.xcassets in Resources */ = {isa = PBXBuildFile; fileRef = 893A2B2B2411692F00027759 /* Assets.xcassets */; };
		893A2B2F2411692F00027759 /* LaunchScreen.storyboard in Resources */ = {isa = PBXBuildFile; fileRef = 893A2B2D2411692F00027759 /* LaunchScreen.storyboard */; };
		893A2B3A2411692F00027759 /* ShopAPPTests.swift in Sources */ = {isa = PBXBuildFile; fileRef = 893A2B392411692F00027759 /* ShopAPPTests.swift */; };
		893A2B472411713E00027759 /* Product.swift in Sources */ = {isa = PBXBuildFile; fileRef = 893A2B462411713E00027759 /* Product.swift */; };
		893A2B492411758B00027759 /* ProductList.swift in Sources */ = {isa = PBXBuildFile; fileRef = 893A2B482411758B00027759 /* ProductList.swift */; };
		894FF4CB241469A400C2860F /* ProductDataMapperTest.swift in Sources */ = {isa = PBXBuildFile; fileRef = 894FF4CA241469A400C2860F /* ProductDataMapperTest.swift */; };
		894FF4CD24146BB200C2860F /* ProductDataMapper.swift in Sources */ = {isa = PBXBuildFile; fileRef = 894FF4CC24146BB200C2860F /* ProductDataMapper.swift */; };
		894FF4CF24146D1C00C2860F /* ProductListData.swift in Sources */ = {isa = PBXBuildFile; fileRef = 894FF4CE24146D1C00C2860F /* ProductListData.swift */; };
		894FF4D1241470DA00C2860F /* ProductData.swift in Sources */ = {isa = PBXBuildFile; fileRef = 894FF4D0241470DA00C2860F /* ProductData.swift */; };
		8955409824118AFE00821BBB /* getProductsList.swift in Sources */ = {isa = PBXBuildFile; fileRef = 8955409724118AFE00821BBB /* getProductsList.swift */; };
		8955409B24118B9C00821BBB /* GetProductListUseCase.swift in Sources */ = {isa = PBXBuildFile; fileRef = 8955409A24118B9C00821BBB /* GetProductListUseCase.swift */; };
		89F76D052412BEAB0005DED6 /* APIRepositoryTest.swift in Sources */ = {isa = PBXBuildFile; fileRef = 89F76D042412BEAB0005DED6 /* APIRepositoryTest.swift */; };
		89F76D092412C0900005DED6 /* APIRepository.swift in Sources */ = {isa = PBXBuildFile; fileRef = 89F76D082412C0900005DED6 /* APIRepository.swift */; };
		C0C18786C842E15E6D322DE9 /* Pods_ShopAPPTests.framework in Frameworks */ = {isa = PBXBuildFile; fileRef = 4A8FDCDC9D2A04B77E72B1AB /* Pods_ShopAPPTests.framework */; };
		E9B7E6C064C182DE26F178D4 /* Pods_ShopAPP.framework in Frameworks */ = {isa = PBXBuildFile; fileRef = C0739F39BAB2AA458C1EF182 /* Pods_ShopAPP.framework */; };
/* End PBXBuildFile section */

/* Begin PBXContainerItemProxy section */
		893A2B362411692F00027759 /* PBXContainerItemProxy */ = {
			isa = PBXContainerItemProxy;
			containerPortal = 893A2B172411692C00027759 /* Project object */;
			proxyType = 1;
			remoteGlobalIDString = 893A2B1E2411692C00027759;
			remoteInfo = ShopAPP;
		};
/* End PBXContainerItemProxy section */

/* Begin PBXFileReference section */
		241E6AE6C07AD7ADA1AC1844 /* Pods-ShopAPP.debug.xcconfig */ = {isa = PBXFileReference; includeInIndex = 1; lastKnownFileType = text.xcconfig; name = "Pods-ShopAPP.debug.xcconfig"; path = "Target Support Files/Pods-ShopAPP/Pods-ShopAPP.debug.xcconfig"; sourceTree = "<group>"; };
		2F35D19E3C99703879DA332A /* Pods-ShopAPPTests.release.xcconfig */ = {isa = PBXFileReference; includeInIndex = 1; lastKnownFileType = text.xcconfig; name = "Pods-ShopAPPTests.release.xcconfig"; path = "Target Support Files/Pods-ShopAPPTests/Pods-ShopAPPTests.release.xcconfig"; sourceTree = "<group>"; };
		4A8FDCDC9D2A04B77E72B1AB /* Pods_ShopAPPTests.framework */ = {isa = PBXFileReference; explicitFileType = wrapper.framework; includeInIndex = 0; path = Pods_ShopAPPTests.framework; sourceTree = BUILT_PRODUCTS_DIR; };
		8907A7AB2413F67B002D21A3 /* APIRepositoryImplementation.swift */ = {isa = PBXFileReference; lastKnownFileType = sourcecode.swift; path = APIRepositoryImplementation.swift; sourceTree = "<group>"; };
		8907A7AF2413FE7B002D21A3 /* APIDataSource.swift */ = {isa = PBXFileReference; lastKnownFileType = sourcecode.swift; path = APIDataSource.swift; sourceTree = "<group>"; };
		8907A7B124140186002D21A3 /* APIDataSourceTest.swift */ = {isa = PBXFileReference; lastKnownFileType = sourcecode.swift; path = APIDataSourceTest.swift; sourceTree = "<group>"; };
		893A2B1F2411692C00027759 /* ShopAPP.app */ = {isa = PBXFileReference; explicitFileType = wrapper.application; includeInIndex = 0; path = ShopAPP.app; sourceTree = BUILT_PRODUCTS_DIR; };
		893A2B222411692C00027759 /* AppDelegate.swift */ = {isa = PBXFileReference; lastKnownFileType = sourcecode.swift; path = AppDelegate.swift; sourceTree = "<group>"; };
		893A2B242411692C00027759 /* SceneDelegate.swift */ = {isa = PBXFileReference; lastKnownFileType = sourcecode.swift; path = SceneDelegate.swift; sourceTree = "<group>"; };
		893A2B262411692C00027759 /* ViewController.swift */ = {isa = PBXFileReference; lastKnownFileType = sourcecode.swift; path = ViewController.swift; sourceTree = "<group>"; };
		893A2B292411692C00027759 /* Base */ = {isa = PBXFileReference; lastKnownFileType = file.storyboard; name = Base; path = Base.lproj/Main.storyboard; sourceTree = "<group>"; };
		893A2B2B2411692F00027759 /* Assets.xcassets */ = {isa = PBXFileReference; lastKnownFileType = folder.assetcatalog; path = Assets.xcassets; sourceTree = "<group>"; };
		893A2B2E2411692F00027759 /* Base */ = {isa = PBXFileReference; lastKnownFileType = file.storyboard; name = Base; path = Base.lproj/LaunchScreen.storyboard; sourceTree = "<group>"; };
		893A2B302411692F00027759 /* Info.plist */ = {isa = PBXFileReference; lastKnownFileType = text.plist.xml; path = Info.plist; sourceTree = "<group>"; };
		893A2B352411692F00027759 /* ShopAPPTests.xctest */ = {isa = PBXFileReference; explicitFileType = wrapper.cfbundle; includeInIndex = 0; path = ShopAPPTests.xctest; sourceTree = BUILT_PRODUCTS_DIR; };
		893A2B392411692F00027759 /* ShopAPPTests.swift */ = {isa = PBXFileReference; lastKnownFileType = sourcecode.swift; path = ShopAPPTests.swift; sourceTree = "<group>"; };
		893A2B3B2411692F00027759 /* Info.plist */ = {isa = PBXFileReference; lastKnownFileType = text.plist.xml; path = Info.plist; sourceTree = "<group>"; };
		893A2B462411713E00027759 /* Product.swift */ = {isa = PBXFileReference; lastKnownFileType = sourcecode.swift; path = Product.swift; sourceTree = "<group>"; };
		893A2B482411758B00027759 /* ProductList.swift */ = {isa = PBXFileReference; lastKnownFileType = sourcecode.swift; path = ProductList.swift; sourceTree = "<group>"; };
		894FF4CA241469A400C2860F /* ProductDataMapperTest.swift */ = {isa = PBXFileReference; lastKnownFileType = sourcecode.swift; path = ProductDataMapperTest.swift; sourceTree = "<group>"; };
		894FF4CC24146BB200C2860F /* ProductDataMapper.swift */ = {isa = PBXFileReference; lastKnownFileType = sourcecode.swift; path = ProductDataMapper.swift; sourceTree = "<group>"; };
		894FF4CE24146D1C00C2860F /* ProductListData.swift */ = {isa = PBXFileReference; lastKnownFileType = sourcecode.swift; path = ProductListData.swift; sourceTree = "<group>"; };
		894FF4D0241470DA00C2860F /* ProductData.swift */ = {isa = PBXFileReference; lastKnownFileType = sourcecode.swift; path = ProductData.swift; sourceTree = "<group>"; };
		8955409724118AFE00821BBB /* getProductsList.swift */ = {isa = PBXFileReference; lastKnownFileType = sourcecode.swift; path = getProductsList.swift; sourceTree = "<group>"; };
		8955409A24118B9C00821BBB /* GetProductListUseCase.swift */ = {isa = PBXFileReference; lastKnownFileType = sourcecode.swift; path = GetProductListUseCase.swift; sourceTree = "<group>"; };
		89F76D042412BEAB0005DED6 /* APIRepositoryTest.swift */ = {isa = PBXFileReference; fileEncoding = 4; lastKnownFileType = sourcecode.swift; path = APIRepositoryTest.swift; sourceTree = "<group>"; };
		89F76D082412C0900005DED6 /* APIRepository.swift */ = {isa = PBXFileReference; fileEncoding = 4; lastKnownFileType = sourcecode.swift; path = APIRepository.swift; sourceTree = "<group>"; };
		A12D836FB1BFEAB05BDD207E /* Pods-ShopAPP.release.xcconfig */ = {isa = PBXFileReference; includeInIndex = 1; lastKnownFileType = text.xcconfig; name = "Pods-ShopAPP.release.xcconfig"; path = "Target Support Files/Pods-ShopAPP/Pods-ShopAPP.release.xcconfig"; sourceTree = "<group>"; };
		C0739F39BAB2AA458C1EF182 /* Pods_ShopAPP.framework */ = {isa = PBXFileReference; explicitFileType = wrapper.framework; includeInIndex = 0; path = Pods_ShopAPP.framework; sourceTree = BUILT_PRODUCTS_DIR; };
		EF46CF7BA1C0E9029BE7A93A /* Pods-ShopAPPTests.debug.xcconfig */ = {isa = PBXFileReference; includeInIndex = 1; lastKnownFileType = text.xcconfig; name = "Pods-ShopAPPTests.debug.xcconfig"; path = "Target Support Files/Pods-ShopAPPTests/Pods-ShopAPPTests.debug.xcconfig"; sourceTree = "<group>"; };
/* End PBXFileReference section */

/* Begin PBXFrameworksBuildPhase section */
		893A2B1C2411692C00027759 /* Frameworks */ = {
			isa = PBXFrameworksBuildPhase;
			buildActionMask = 2147483647;
			files = (
				E9B7E6C064C182DE26F178D4 /* Pods_ShopAPP.framework in Frameworks */,
			);
			runOnlyForDeploymentPostprocessing = 0;
		};
		893A2B322411692F00027759 /* Frameworks */ = {
			isa = PBXFrameworksBuildPhase;
			buildActionMask = 2147483647;
			files = (
				C0C18786C842E15E6D322DE9 /* Pods_ShopAPPTests.framework in Frameworks */,
			);
			runOnlyForDeploymentPostprocessing = 0;
		};
/* End PBXFrameworksBuildPhase section */

/* Begin PBXGroup section */
		6AB36AE34C7D53BD596D7329 /* Pods */ = {
			isa = PBXGroup;
			children = (
				241E6AE6C07AD7ADA1AC1844 /* Pods-ShopAPP.debug.xcconfig */,
				A12D836FB1BFEAB05BDD207E /* Pods-ShopAPP.release.xcconfig */,
				EF46CF7BA1C0E9029BE7A93A /* Pods-ShopAPPTests.debug.xcconfig */,
				2F35D19E3C99703879DA332A /* Pods-ShopAPPTests.release.xcconfig */,
			);
			path = Pods;
			sourceTree = "<group>";
		};
		6BDFDD242A8036771A364288 /* Frameworks */ = {
			isa = PBXGroup;
			children = (
				C0739F39BAB2AA458C1EF182 /* Pods_ShopAPP.framework */,
				4A8FDCDC9D2A04B77E72B1AB /* Pods_ShopAPPTests.framework */,
			);
			name = Frameworks;
			sourceTree = "<group>";
		};
		8907A7A92413F638002D21A3 /* Data */ = {
			isa = PBXGroup;
			children = (
				8907A7AE2413FE51002D21A3 /* DataSource */,
				8907A7AA2413F641002D21A3 /* Repository */,
			);
			path = Data;
			sourceTree = "<group>";
		};
		8907A7AA2413F641002D21A3 /* Repository */ = {
			isa = PBXGroup;
			children = (
				8907A7AB2413F67B002D21A3 /* APIRepositoryImplementation.swift */,
			);
			path = Repository;
			sourceTree = "<group>";
		};
		8907A7AE2413FE51002D21A3 /* DataSource */ = {
			isa = PBXGroup;
			children = (
				894FF4C92414697800C2860F /* mapper */,
				8961BC2C241466DE005C9D1B /* DTOs */,
				8907A7AF2413FE7B002D21A3 /* APIDataSource.swift */,
			);
			path = DataSource;
			sourceTree = "<group>";
		};
		893A2B162411692C00027759 = {
			isa = PBXGroup;
			children = (
				893A2B212411692C00027759 /* ShopAPP */,
				893A2B382411692F00027759 /* ShopAPPTests */,
				893A2B202411692C00027759 /* Products */,
				6AB36AE34C7D53BD596D7329 /* Pods */,
				6BDFDD242A8036771A364288 /* Frameworks */,
			);
			sourceTree = "<group>";
		};
		893A2B202411692C00027759 /* Products */ = {
			isa = PBXGroup;
			children = (
				893A2B1F2411692C00027759 /* ShopAPP.app */,
				893A2B352411692F00027759 /* ShopAPPTests.xctest */,
			);
			name = Products;
			sourceTree = "<group>";
		};
		893A2B212411692C00027759 /* ShopAPP */ = {
			isa = PBXGroup;
			children = (
				8907A7A92413F638002D21A3 /* Data */,
				893A2B442411712700027759 /* Domain */,
				893A2B222411692C00027759 /* AppDelegate.swift */,
				893A2B242411692C00027759 /* SceneDelegate.swift */,
				893A2B262411692C00027759 /* ViewController.swift */,
				893A2B282411692C00027759 /* Main.storyboard */,
				893A2B2B2411692F00027759 /* Assets.xcassets */,
				893A2B2D2411692F00027759 /* LaunchScreen.storyboard */,
				893A2B302411692F00027759 /* Info.plist */,
			);
			path = ShopAPP;
			sourceTree = "<group>";
		};
		893A2B382411692F00027759 /* ShopAPPTests */ = {
			isa = PBXGroup;
			children = (
				894FF4CA241469A400C2860F /* ProductDataMapperTest.swift */,
				8907A7B124140186002D21A3 /* APIDataSourceTest.swift */,
				89F76D042412BEAB0005DED6 /* APIRepositoryTest.swift */,
				8955409724118AFE00821BBB /* getProductsList.swift */,
				893A2B392411692F00027759 /* ShopAPPTests.swift */,
				893A2B3B2411692F00027759 /* Info.plist */,
			);
			path = ShopAPPTests;
			sourceTree = "<group>";
		};
		893A2B442411712700027759 /* Domain */ = {
			isa = PBXGroup;
			children = (
				89F76D072412C0900005DED6 /* Repository */,
				8955409924118B7D00821BBB /* UseCases */,
				893A2B452411713100027759 /* BOs */,
			);
			path = Domain;
			sourceTree = "<group>";
		};
		893A2B452411713100027759 /* BOs */ = {
			isa = PBXGroup;
			children = (
				893A2B462411713E00027759 /* Product.swift */,
				893A2B482411758B00027759 /* ProductList.swift */,
			);
			path = BOs;
			sourceTree = "<group>";
		};
		894FF4C92414697800C2860F /* mapper */ = {
			isa = PBXGroup;
			children = (
				894FF4CC24146BB200C2860F /* ProductDataMapper.swift */,
			);
			path = mapper;
			sourceTree = "<group>";
		};
		8955409924118B7D00821BBB /* UseCases */ = {
			isa = PBXGroup;
			children = (
				8955409A24118B9C00821BBB /* GetProductListUseCase.swift */,
			);
			path = UseCases;
			sourceTree = "<group>";
		};
		8961BC2C241466DE005C9D1B /* DTOs */ = {
			isa = PBXGroup;
			children = (
				894FF4CE24146D1C00C2860F /* ProductListData.swift */,
				894FF4D0241470DA00C2860F /* ProductData.swift */,
			);
			path = DTOs;
			sourceTree = "<group>";
		};
		89F76D072412C0900005DED6 /* Repository */ = {
			isa = PBXGroup;
			children = (
				89F76D082412C0900005DED6 /* APIRepository.swift */,
			);
			path = Repository;
			sourceTree = "<group>";
		};
/* End PBXGroup section */

/* Begin PBXNativeTarget section */
		893A2B1E2411692C00027759 /* ShopAPP */ = {
			isa = PBXNativeTarget;
			buildConfigurationList = 893A2B3E2411692F00027759 /* Build configuration list for PBXNativeTarget "ShopAPP" */;
			buildPhases = (
				9F32C988F407BDE429D1C9E5 /* [CP] Check Pods Manifest.lock */,
				893A2B1B2411692C00027759 /* Sources */,
				893A2B1C2411692C00027759 /* Frameworks */,
				893A2B1D2411692C00027759 /* Resources */,
				017CAB997F043D2064C6FD7E /* [CP] Embed Pods Frameworks */,
			);
			buildRules = (
			);
			dependencies = (
			);
			name = ShopAPP;
			productName = ShopAPP;
			productReference = 893A2B1F2411692C00027759 /* ShopAPP.app */;
			productType = "com.apple.product-type.application";
		};
		893A2B342411692F00027759 /* ShopAPPTests */ = {
			isa = PBXNativeTarget;
			buildConfigurationList = 893A2B412411692F00027759 /* Build configuration list for PBXNativeTarget "ShopAPPTests" */;
			buildPhases = (
				45F03B747EF47121F81ABB9D /* [CP] Check Pods Manifest.lock */,
				893A2B312411692F00027759 /* Sources */,
				893A2B322411692F00027759 /* Frameworks */,
				893A2B332411692F00027759 /* Resources */,
			);
			buildRules = (
			);
			dependencies = (
				893A2B372411692F00027759 /* PBXTargetDependency */,
			);
			name = ShopAPPTests;
			productName = ShopAPPTests;
			productReference = 893A2B352411692F00027759 /* ShopAPPTests.xctest */;
			productType = "com.apple.product-type.bundle.unit-test";
		};
/* End PBXNativeTarget section */

/* Begin PBXProject section */
		893A2B172411692C00027759 /* Project object */ = {
			isa = PBXProject;
			attributes = {
				LastSwiftUpdateCheck = 1130;
				LastUpgradeCheck = 1130;
				ORGANIZATIONNAME = "Javier Galera Garrido";
				TargetAttributes = {
					893A2B1E2411692C00027759 = {
						CreatedOnToolsVersion = 11.3.1;
					};
					893A2B342411692F00027759 = {
						CreatedOnToolsVersion = 11.3.1;
						TestTargetID = 893A2B1E2411692C00027759;
					};
				};
			};
			buildConfigurationList = 893A2B1A2411692C00027759 /* Build configuration list for PBXProject "ShopAPP" */;
			compatibilityVersion = "Xcode 9.3";
			developmentRegion = en;
			hasScannedForEncodings = 0;
			knownRegions = (
				en,
				Base,
			);
			mainGroup = 893A2B162411692C00027759;
			productRefGroup = 893A2B202411692C00027759 /* Products */;
			projectDirPath = "";
			projectRoot = "";
			targets = (
				893A2B1E2411692C00027759 /* ShopAPP */,
				893A2B342411692F00027759 /* ShopAPPTests */,
			);
		};
/* End PBXProject section */

/* Begin PBXResourcesBuildPhase section */
		893A2B1D2411692C00027759 /* Resources */ = {
			isa = PBXResourcesBuildPhase;
			buildActionMask = 2147483647;
			files = (
				893A2B2F2411692F00027759 /* LaunchScreen.storyboard in Resources */,
				893A2B2C2411692F00027759 /* Assets.xcassets in Resources */,
				893A2B2A2411692C00027759 /* Main.storyboard in Resources */,
			);
			runOnlyForDeploymentPostprocessing = 0;
		};
		893A2B332411692F00027759 /* Resources */ = {
			isa = PBXResourcesBuildPhase;
			buildActionMask = 2147483647;
			files = (
			);
			runOnlyForDeploymentPostprocessing = 0;
		};
/* End PBXResourcesBuildPhase section */

/* Begin PBXShellScriptBuildPhase section */
		017CAB997F043D2064C6FD7E /* [CP] Embed Pods Frameworks */ = {
			isa = PBXShellScriptBuildPhase;
			buildActionMask = 2147483647;
			files = (
			);
			inputFileListPaths = (
				"${PODS_ROOT}/Target Support Files/Pods-ShopAPP/Pods-ShopAPP-frameworks-${CONFIGURATION}-input-files.xcfilelist",
			);
			name = "[CP] Embed Pods Frameworks";
			outputFileListPaths = (
				"${PODS_ROOT}/Target Support Files/Pods-ShopAPP/Pods-ShopAPP-frameworks-${CONFIGURATION}-output-files.xcfilelist",
			);
			runOnlyForDeploymentPostprocessing = 0;
			shellPath = /bin/sh;
			shellScript = "\"${PODS_ROOT}/Target Support Files/Pods-ShopAPP/Pods-ShopAPP-frameworks.sh\"\n";
			showEnvVarsInLog = 0;
		};
		45F03B747EF47121F81ABB9D /* [CP] Check Pods Manifest.lock */ = {
			isa = PBXShellScriptBuildPhase;
			buildActionMask = 2147483647;
			files = (
			);
			inputFileListPaths = (
			);
			inputPaths = (
				"${PODS_PODFILE_DIR_PATH}/Podfile.lock",
				"${PODS_ROOT}/Manifest.lock",
			);
			name = "[CP] Check Pods Manifest.lock";
			outputFileListPaths = (
			);
			outputPaths = (
				"$(DERIVED_FILE_DIR)/Pods-ShopAPPTests-checkManifestLockResult.txt",
			);
			runOnlyForDeploymentPostprocessing = 0;
			shellPath = /bin/sh;
			shellScript = "diff \"${PODS_PODFILE_DIR_PATH}/Podfile.lock\" \"${PODS_ROOT}/Manifest.lock\" > /dev/null\nif [ $? != 0 ] ; then\n    # print error to STDERR\n    echo \"error: The sandbox is not in sync with the Podfile.lock. Run 'pod install' or update your CocoaPods installation.\" >&2\n    exit 1\nfi\n# This output is used by Xcode 'outputs' to avoid re-running this script phase.\necho \"SUCCESS\" > \"${SCRIPT_OUTPUT_FILE_0}\"\n";
			showEnvVarsInLog = 0;
		};
		9F32C988F407BDE429D1C9E5 /* [CP] Check Pods Manifest.lock */ = {
			isa = PBXShellScriptBuildPhase;
			buildActionMask = 2147483647;
			files = (
			);
			inputFileListPaths = (
			);
			inputPaths = (
				"${PODS_PODFILE_DIR_PATH}/Podfile.lock",
				"${PODS_ROOT}/Manifest.lock",
			);
			name = "[CP] Check Pods Manifest.lock";
			outputFileListPaths = (
			);
			outputPaths = (
				"$(DERIVED_FILE_DIR)/Pods-ShopAPP-checkManifestLockResult.txt",
			);
			runOnlyForDeploymentPostprocessing = 0;
			shellPath = /bin/sh;
			shellScript = "diff \"${PODS_PODFILE_DIR_PATH}/Podfile.lock\" \"${PODS_ROOT}/Manifest.lock\" > /dev/null\nif [ $? != 0 ] ; then\n    # print error to STDERR\n    echo \"error: The sandbox is not in sync with the Podfile.lock. Run 'pod install' or update your CocoaPods installation.\" >&2\n    exit 1\nfi\n# This output is used by Xcode 'outputs' to avoid re-running this script phase.\necho \"SUCCESS\" > \"${SCRIPT_OUTPUT_FILE_0}\"\n";
			showEnvVarsInLog = 0;
		};
/* End PBXShellScriptBuildPhase section */

/* Begin PBXSourcesBuildPhase section */
		893A2B1B2411692C00027759 /* Sources */ = {
			isa = PBXSourcesBuildPhase;
			buildActionMask = 2147483647;
			files = (
				8955409B24118B9C00821BBB /* GetProductListUseCase.swift in Sources */,
				894FF4CF24146D1C00C2860F /* ProductListData.swift in Sources */,
				893A2B272411692C00027759 /* ViewController.swift in Sources */,
				8907A7B02413FE7B002D21A3 /* APIDataSource.swift in Sources */,
				893A2B492411758B00027759 /* ProductList.swift in Sources */,
				89F76D092412C0900005DED6 /* APIRepository.swift in Sources */,
				8907A7AC2413F67B002D21A3 /* APIRepositoryImplementation.swift in Sources */,
				894FF4CD24146BB200C2860F /* ProductDataMapper.swift in Sources */,
				893A2B472411713E00027759 /* Product.swift in Sources */,
				893A2B232411692C00027759 /* AppDelegate.swift in Sources */,
				893A2B252411692C00027759 /* SceneDelegate.swift in Sources */,
				894FF4D1241470DA00C2860F /* ProductData.swift in Sources */,
			);
			runOnlyForDeploymentPostprocessing = 0;
		};
		893A2B312411692F00027759 /* Sources */ = {
			isa = PBXSourcesBuildPhase;
			buildActionMask = 2147483647;
			files = (
				8955409824118AFE00821BBB /* getProductsList.swift in Sources */,
				893A2B3A2411692F00027759 /* ShopAPPTests.swift in Sources */,
				89F76D052412BEAB0005DED6 /* APIRepositoryTest.swift in Sources */,
				8907A7B224140186002D21A3 /* APIDataSourceTest.swift in Sources */,
				894FF4CB241469A400C2860F /* ProductDataMapperTest.swift in Sources */,
			);
			runOnlyForDeploymentPostprocessing = 0;
		};
/* End PBXSourcesBuildPhase section */

/* Begin PBXTargetDependency section */
		893A2B372411692F00027759 /* PBXTargetDependency */ = {
			isa = PBXTargetDependency;
			target = 893A2B1E2411692C00027759 /* ShopAPP */;
			targetProxy = 893A2B362411692F00027759 /* PBXContainerItemProxy */;
		};
/* End PBXTargetDependency section */

/* Begin PBXVariantGroup section */
		893A2B282411692C00027759 /* Main.storyboard */ = {
			isa = PBXVariantGroup;
			children = (
				893A2B292411692C00027759 /* Base */,
			);
			name = Main.storyboard;
			sourceTree = "<group>";
		};
		893A2B2D2411692F00027759 /* LaunchScreen.storyboard */ = {
			isa = PBXVariantGroup;
			children = (
				893A2B2E2411692F00027759 /* Base */,
			);
			name = LaunchScreen.storyboard;
			sourceTree = "<group>";
		};
/* End PBXVariantGroup section */

/* Begin XCBuildConfiguration section */
		893A2B3C2411692F00027759 /* Debug */ = {
			isa = XCBuildConfiguration;
			buildSettings = {
				ALWAYS_SEARCH_USER_PATHS = NO;
				CLANG_ANALYZER_NONNULL = YES;
				CLANG_ANALYZER_NUMBER_OBJECT_CONVERSION = YES_AGGRESSIVE;
				CLANG_CXX_LANGUAGE_STANDARD = "gnu++14";
				CLANG_CXX_LIBRARY = "libc++";
				CLANG_ENABLE_MODULES = YES;
				CLANG_ENABLE_OBJC_ARC = YES;
				CLANG_ENABLE_OBJC_WEAK = YES;
				CLANG_WARN_BLOCK_CAPTURE_AUTORELEASING = YES;
				CLANG_WARN_BOOL_CONVERSION = YES;
				CLANG_WARN_COMMA = YES;
				CLANG_WARN_CONSTANT_CONVERSION = YES;
				CLANG_WARN_DEPRECATED_OBJC_IMPLEMENTATIONS = YES;
				CLANG_WARN_DIRECT_OBJC_ISA_USAGE = YES_ERROR;
				CLANG_WARN_DOCUMENTATION_COMMENTS = YES;
				CLANG_WARN_EMPTY_BODY = YES;
				CLANG_WARN_ENUM_CONVERSION = YES;
				CLANG_WARN_INFINITE_RECURSION = YES;
				CLANG_WARN_INT_CONVERSION = YES;
				CLANG_WARN_NON_LITERAL_NULL_CONVERSION = YES;
				CLANG_WARN_OBJC_IMPLICIT_RETAIN_SELF = YES;
				CLANG_WARN_OBJC_LITERAL_CONVERSION = YES;
				CLANG_WARN_OBJC_ROOT_CLASS = YES_ERROR;
				CLANG_WARN_RANGE_LOOP_ANALYSIS = YES;
				CLANG_WARN_STRICT_PROTOTYPES = YES;
				CLANG_WARN_SUSPICIOUS_MOVE = YES;
				CLANG_WARN_UNGUARDED_AVAILABILITY = YES_AGGRESSIVE;
				CLANG_WARN_UNREACHABLE_CODE = YES;
				CLANG_WARN__DUPLICATE_METHOD_MATCH = YES;
				COPY_PHASE_STRIP = NO;
				DEBUG_INFORMATION_FORMAT = dwarf;
				ENABLE_STRICT_OBJC_MSGSEND = YES;
				ENABLE_TESTABILITY = YES;
				GCC_C_LANGUAGE_STANDARD = gnu11;
				GCC_DYNAMIC_NO_PIC = NO;
				GCC_NO_COMMON_BLOCKS = YES;
				GCC_OPTIMIZATION_LEVEL = 0;
				GCC_PREPROCESSOR_DEFINITIONS = (
					"DEBUG=1",
					"$(inherited)",
				);
				GCC_WARN_64_TO_32_BIT_CONVERSION = YES;
				GCC_WARN_ABOUT_RETURN_TYPE = YES_ERROR;
				GCC_WARN_UNDECLARED_SELECTOR = YES;
				GCC_WARN_UNINITIALIZED_AUTOS = YES_AGGRESSIVE;
				GCC_WARN_UNUSED_FUNCTION = YES;
				GCC_WARN_UNUSED_VARIABLE = YES;
				IPHONEOS_DEPLOYMENT_TARGET = 13.2;
				MTL_ENABLE_DEBUG_INFO = INCLUDE_SOURCE;
				MTL_FAST_MATH = YES;
				ONLY_ACTIVE_ARCH = YES;
				SDKROOT = iphoneos;
				SWIFT_ACTIVE_COMPILATION_CONDITIONS = DEBUG;
				SWIFT_OPTIMIZATION_LEVEL = "-Onone";
			};
			name = Debug;
		};
		893A2B3D2411692F00027759 /* Release */ = {
			isa = XCBuildConfiguration;
			buildSettings = {
				ALWAYS_SEARCH_USER_PATHS = NO;
				CLANG_ANALYZER_NONNULL = YES;
				CLANG_ANALYZER_NUMBER_OBJECT_CONVERSION = YES_AGGRESSIVE;
				CLANG_CXX_LANGUAGE_STANDARD = "gnu++14";
				CLANG_CXX_LIBRARY = "libc++";
				CLANG_ENABLE_MODULES = YES;
				CLANG_ENABLE_OBJC_ARC = YES;
				CLANG_ENABLE_OBJC_WEAK = YES;
				CLANG_WARN_BLOCK_CAPTURE_AUTORELEASING = YES;
				CLANG_WARN_BOOL_CONVERSION = YES;
				CLANG_WARN_COMMA = YES;
				CLANG_WARN_CONSTANT_CONVERSION = YES;
				CLANG_WARN_DEPRECATED_OBJC_IMPLEMENTATIONS = YES;
				CLANG_WARN_DIRECT_OBJC_ISA_USAGE = YES_ERROR;
				CLANG_WARN_DOCUMENTATION_COMMENTS = YES;
				CLANG_WARN_EMPTY_BODY = YES;
				CLANG_WARN_ENUM_CONVERSION = YES;
				CLANG_WARN_INFINITE_RECURSION = YES;
				CLANG_WARN_INT_CONVERSION = YES;
				CLANG_WARN_NON_LITERAL_NULL_CONVERSION = YES;
				CLANG_WARN_OBJC_IMPLICIT_RETAIN_SELF = YES;
				CLANG_WARN_OBJC_LITERAL_CONVERSION = YES;
				CLANG_WARN_OBJC_ROOT_CLASS = YES_ERROR;
				CLANG_WARN_RANGE_LOOP_ANALYSIS = YES;
				CLANG_WARN_STRICT_PROTOTYPES = YES;
				CLANG_WARN_SUSPICIOUS_MOVE = YES;
				CLANG_WARN_UNGUARDED_AVAILABILITY = YES_AGGRESSIVE;
				CLANG_WARN_UNREACHABLE_CODE = YES;
				CLANG_WARN__DUPLICATE_METHOD_MATCH = YES;
				COPY_PHASE_STRIP = NO;
				DEBUG_INFORMATION_FORMAT = "dwarf-with-dsym";
				ENABLE_NS_ASSERTIONS = NO;
				ENABLE_STRICT_OBJC_MSGSEND = YES;
				GCC_C_LANGUAGE_STANDARD = gnu11;
				GCC_NO_COMMON_BLOCKS = YES;
				GCC_WARN_64_TO_32_BIT_CONVERSION = YES;
				GCC_WARN_ABOUT_RETURN_TYPE = YES_ERROR;
				GCC_WARN_UNDECLARED_SELECTOR = YES;
				GCC_WARN_UNINITIALIZED_AUTOS = YES_AGGRESSIVE;
				GCC_WARN_UNUSED_FUNCTION = YES;
				GCC_WARN_UNUSED_VARIABLE = YES;
				IPHONEOS_DEPLOYMENT_TARGET = 13.2;
				MTL_ENABLE_DEBUG_INFO = NO;
				MTL_FAST_MATH = YES;
				SDKROOT = iphoneos;
				SWIFT_COMPILATION_MODE = wholemodule;
				SWIFT_OPTIMIZATION_LEVEL = "-O";
				VALIDATE_PRODUCT = YES;
			};
			name = Release;
		};
		893A2B3F2411692F00027759 /* Debug */ = {
			isa = XCBuildConfiguration;
			baseConfigurationReference = 241E6AE6C07AD7ADA1AC1844 /* Pods-ShopAPP.debug.xcconfig */;
			buildSettings = {
				ASSETCATALOG_COMPILER_APPICON_NAME = AppIcon;
				CODE_SIGN_STYLE = Automatic;
				DEVELOPMENT_TEAM = FA4CYT5B2K;
				INFOPLIST_FILE = ShopAPP/Info.plist;
				LD_RUNPATH_SEARCH_PATHS = (
					"$(inherited)",
					"@executable_path/Frameworks",
				);
				PRODUCT_BUNDLE_IDENTIFIER = com.myproject.ShopAPP;
				PRODUCT_NAME = "$(TARGET_NAME)";
				SWIFT_VERSION = 5.0;
				TARGETED_DEVICE_FAMILY = "1,2";
			};
			name = Debug;
		};
		893A2B402411692F00027759 /* Release */ = {
			isa = XCBuildConfiguration;
			baseConfigurationReference = A12D836FB1BFEAB05BDD207E /* Pods-ShopAPP.release.xcconfig */;
			buildSettings = {
				ASSETCATALOG_COMPILER_APPICON_NAME = AppIcon;
				CODE_SIGN_STYLE = Automatic;
				DEVELOPMENT_TEAM = FA4CYT5B2K;
				INFOPLIST_FILE = ShopAPP/Info.plist;
				LD_RUNPATH_SEARCH_PATHS = (
					"$(inherited)",
					"@executable_path/Frameworks",
				);
				PRODUCT_BUNDLE_IDENTIFIER = com.myproject.ShopAPP;
				PRODUCT_NAME = "$(TARGET_NAME)";
				SWIFT_VERSION = 5.0;
				TARGETED_DEVICE_FAMILY = "1,2";
			};
			name = Release;
		};
		893A2B422411692F00027759 /* Debug */ = {
			isa = XCBuildConfiguration;
			baseConfigurationReference = EF46CF7BA1C0E9029BE7A93A /* Pods-ShopAPPTests.debug.xcconfig */;
			buildSettings = {
				ALWAYS_EMBED_SWIFT_STANDARD_LIBRARIES = YES;
				BUNDLE_LOADER = "$(TEST_HOST)";
				CODE_SIGN_STYLE = Automatic;
				DEVELOPMENT_TEAM = FA4CYT5B2K;
				INFOPLIST_FILE = ShopAPPTests/Info.plist;
				IPHONEOS_DEPLOYMENT_TARGET = 13.2;
				LD_RUNPATH_SEARCH_PATHS = (
					"$(inherited)",
					"@executable_path/Frameworks",
					"@loader_path/Frameworks",
				);
				PRODUCT_BUNDLE_IDENTIFIER = com.myproject.ShopAPPTests;
				PRODUCT_NAME = "$(TARGET_NAME)";
				SWIFT_VERSION = 5.0;
				TARGETED_DEVICE_FAMILY = "1,2";
				TEST_HOST = "$(BUILT_PRODUCTS_DIR)/ShopAPP.app/ShopAPP";
			};
			name = Debug;
		};
		893A2B432411692F00027759 /* Release */ = {
			isa = XCBuildConfiguration;
			baseConfigurationReference = 2F35D19E3C99703879DA332A /* Pods-ShopAPPTests.release.xcconfig */;
			buildSettings = {
				ALWAYS_EMBED_SWIFT_STANDARD_LIBRARIES = YES;
				BUNDLE_LOADER = "$(TEST_HOST)";
				CODE_SIGN_STYLE = Automatic;
				DEVELOPMENT_TEAM = FA4CYT5B2K;
				INFOPLIST_FILE = ShopAPPTests/Info.plist;
				IPHONEOS_DEPLOYMENT_TARGET = 13.2;
				LD_RUNPATH_SEARCH_PATHS = (
					"$(inherited)",
					"@executable_path/Frameworks",
					"@loader_path/Frameworks",
				);
				PRODUCT_BUNDLE_IDENTIFIER = com.myproject.ShopAPPTests;
				PRODUCT_NAME = "$(TARGET_NAME)";
				SWIFT_VERSION = 5.0;
				TARGETED_DEVICE_FAMILY = "1,2";
				TEST_HOST = "$(BUILT_PRODUCTS_DIR)/ShopAPP.app/ShopAPP";
			};
			name = Release;
		};
/* End XCBuildConfiguration section */

/* Begin XCConfigurationList section */
		893A2B1A2411692C00027759 /* Build configuration list for PBXProject "ShopAPP" */ = {
			isa = XCConfigurationList;
			buildConfigurations = (
				893A2B3C2411692F00027759 /* Debug */,
				893A2B3D2411692F00027759 /* Release */,
			);
			defaultConfigurationIsVisible = 0;
			defaultConfigurationName = Release;
		};
		893A2B3E2411692F00027759 /* Build configuration list for PBXNativeTarget "ShopAPP" */ = {
			isa = XCConfigurationList;
			buildConfigurations = (
				893A2B3F2411692F00027759 /* Debug */,
				893A2B402411692F00027759 /* Release */,
			);
			defaultConfigurationIsVisible = 0;
			defaultConfigurationName = Release;
		};
		893A2B412411692F00027759 /* Build configuration list for PBXNativeTarget "ShopAPPTests" */ = {
			isa = XCConfigurationList;
			buildConfigurations = (
				893A2B422411692F00027759 /* Debug */,
				893A2B432411692F00027759 /* Release */,
			);
			defaultConfigurationIsVisible = 0;
			defaultConfigurationName = Release;
		};
/* End XCConfigurationList section */
	};
	rootObject = 893A2B172411692C00027759 /* Project object */;
}
